{
  "lockfileVersion": 1,
  "configVersion": 1,
  "workspaces": {
    "": {
      "name": "masaka",
      "dependencies": {
        "@masaka/element": "workspace:*",
      },
      "devDependencies": {
        "@types/bun": "latest",
        "typescript": "^5",
      },
    },
    "packages/core": {
      "name": "@masaka/core",
      "version": "0.0.0",
      "dependencies": {
        "@masaka/element": "workspace:*",
        "cordis": "^4.0.0-rc.0",
      },
    },
    "packages/element": {
      "name": "@masaka/element",
      "version": "0.0.0",
      "dependencies": {
        "@types/commonmark": "^0.27.10",
        "commonmark": "^0.31.2",
      },
      "devDependencies": {
        "ts-xor": "^1.3.0",
      },
    },
  },
  "packages": {
    "@masaka/core": ["@masaka/core@workspace:packages/core"],

    "@masaka/element": ["@masaka/element@workspace:packages/element"],

    "@standard-schema/spec": ["@standard-schema/spec@1.1.0", "", {}, "sha512-l2aFy5jALhniG5HgqrD6jXLi/rUWrKvqN/qJx6yoJsgKhblVd+iqqU4RCXavm/jPityDo5TCvKMnpjKnOriy0w=="],

    "@types/bun": ["@types/bun@1.3.11", "", { "dependencies": { "bun-types": "1.3.11" } }, "sha512-5vPne5QvtpjGpsGYXiFyycfpDF2ECyPcTSsFBMa0fraoxiQyMJ3SmuQIGhzPg2WJuWxVBoxWJ2kClYTcw/4fAg=="],

    "@types/commonmark": ["@types/commonmark@0.27.10", "", {}, "sha512-iEZobUnvlM+UX5fXWCmC4eQXwCs01Z8Xa1W0VjiWUF/XsNy4BHtskqJ9MyLZVMHbA0ezhyonCDqz3hMvsCm6Hg=="],

    "@types/node": ["@types/node@25.5.0", "", { "dependencies": { "undici-types": "~7.18.0" } }, "sha512-jp2P3tQMSxWugkCUKLRPVUpGaL5MVFwF8RDuSRztfwgN1wmqJeMSbKlnEtQqU8UrhTmzEmZdu2I6v2dpp7XIxw=="],

    "bun-types": ["bun-types@1.3.11", "", { "dependencies": { "@types/node": "*" } }, "sha512-1KGPpoxQWl9f6wcZh57LvrPIInQMn2TQ7jsgxqpRzg+l0QPOFvJVH7HmvHo/AiPgwXy+/Thf6Ov3EdVn1vOabg=="],

    "commonmark": ["commonmark@0.31.2", "", { "dependencies": { "entities": "~3.0.1", "mdurl": "~1.0.1", "minimist": "~1.2.8" }, "bin": { "commonmark": "bin/commonmark" } }, "sha512-2fRLTyb9r/2835k5cwcAwOj0DEc44FARnMp5veGsJ+mEAZdi52sNopLu07ZyElQUz058H43whzlERDIaaSw4rg=="],

    "cordis": ["cordis@4.0.0-rc.0", "", { "dependencies": { "@standard-schema/spec": "^1.1.0", "cosmokit": "^1.8.1" }, "peerDependencies": { "@cordisjs/plugin-include": "^1.0.1", "@cordisjs/plugin-loader": "^1.0.0-rc.0" }, "optionalPeers": ["@cordisjs/plugin-include", "@cordisjs/plugin-loader"], "bin": { "cordis": "lib/bin.js" } }, "sha512-Gjuq7tf0a73y/qo3O8s8S7HI72z23Lu9sXmSH8nUJ4cJZ8bHA5iPMCuQ0cNNiDKIMwIYUnHpgQXOIaPOvW7Pig=="],

    "cosmokit": ["cosmokit@1.8.1", "", {}, "sha512-PDBv4l90xZKrUsZ0vtoycgZpO/j4iFsqJXrAxsyBDsnQRI7ZMJXIjgDJsKNjd5L8jnVnnlrDCdhkFbTncgCVjQ=="],

    "entities": ["entities@3.0.1", "", {}, "sha512-WiyBqoomrwMdFG1e0kqvASYfnlb0lp8M5o5Fw2OFq1hNZxxcNk8Ik0Xm7LxzBhuidnZB/UtBqVCgUz3kBOP51Q=="],

    "mdurl": ["mdurl@1.0.1", "", {}, "sha512-/sKlQJCBYVY9Ers9hqzKou4H6V5UWc/M59TH2dvkt+84itfnq7uFOMLpOiOS4ujvHP4etln18fmIxA5R5fll0g=="],

    "minimist": ["minimist@1.2.8", "", {}, "sha512-2yyAR8qBkN3YuheJanUpWC5U3bb5osDywNB8RzDVlDwDHbocAJveqqj1u8+SVD7jkWT4yvsHCpWqqWqAxb0zCA=="],

    "ts-xor": ["ts-xor@1.3.0", "", {}, "sha512-RLXVjliCzc1gfKQFLRpfeD0rrWmjnSTgj7+RFhoq3KRkUYa8LE/TIidYOzM5h+IdFBDSjjSgk9Lto9sdMfDFEA=="],

    "typescript": ["typescript@5.9.3", "", { "bin": { "tsc": "bin/tsc", "tsserver": "bin/tsserver" } }, "sha512-jl1vZzPDinLr9eUt3J/t7V6FgNEw9QjvBPdysz9KfQDD41fQrC2Y4vKQdiaUpFT4bXlb1RHhLpp8wtm6M5TgSw=="],

    "undici-types": ["undici-types@7.18.2", "", {}, "sha512-AsuCzffGHJybSaRrmr5eHr81mwJU3kjw6M+uprWvCXiNeN9SOGwQ3Jn8jb8m3Z6izVgknn1R0FTCEAP2QrLY/w=="],
  }
}
